{
  "name": "dvld",
  "version": "1.0.0",
  "lockfileVersion": 3,
  "requires": true,
  "packages": {
    "": {
      "name": "dvld",
      "version": "1.0.0",
      "license": "MIT",
      "workspaces": [
        "@dvld/server",
        "@dvld/client",
        "@dvld/shared"
      ]
    },
    "client": {
      "name": "@dvld/client",
      "version": "0.1.0",
      "extraneous": true,
      "license": "MIT",
      "dependencies": {
        "@dvld/shared": "*",
        "react": "^18.2.0",
        "react-dom": "^18.2.0",
        "react-router-dom": "^7.11.0"
      },
      "devDependencies": {
        "@types/react": "^18.2.64",
        "@types/react-dom": "^18.2.21",
        "@typescript-eslint/eslint-plugin": "^7.1.1",
        "@typescript-eslint/parser": "^7.1.1",
        "@vitejs/plugin-react": "^4.2.1",
        "electron": "^39.2.7",
        "electron-builder": "^24.13.3",
        "eslint": "^8.57.0",
        "eslint-plugin-react-hooks": "^4.6.0",
        "eslint-plugin-react-refresh": "^0.4.5",
        "typescript": "^5.2.2",
        "vite": "^7.3.0",
        "vite-plugin-electron": "^0.28.6",
        "vite-plugin-electron-renderer": "^0.14.5"
      }
    },
    "server": {
      "name": "@dvld/server",
      "version": "1.0.0",
      "extraneous": true,
      "license": "MIT",
      "dependencies": {
        "@dvld/shared": "workspace:*",
        "cors": "^2.8.5",
        "dotenv": "^17.2.3",
        "express": "^5.2.1",
        "express-validator": "^7.3.1",
        "pg": "^8.16.3",
        "ts-node": "^10.9.2",
        "typeorm": "^0.3.28"
      },
      "devDependencies": {
        "@types/cors": "^2.8.19",
        "@types/express": "^5.0.6",
        "@types/pg": "^8.16.0",
        "nodemon": "^3.1.11",
        "typescript": "^5.9.3"
      }
    },
    "shared": {
      "version": "1.0.0",
      "extraneous": true,
      "license": "ISC"
    }
  }
}
